
Microsoft Visual Studio Solution File, Format Version 12.00
# Visual Studio Version 16
VisualStudioVersion = 16.0.31321.278
MinimumVisualStudioVersion = 10.0.40219.1
Project("{9A19103F-16F7-4668-BE54-9A1E7A4F7556}") = "ConsoleClientFromTemplate", "ConsoleClientFromTemplate\ConsoleClientFromTemplate.csproj", "{CFA48339-B937-41AF-B630-614A9DC73E76}"
EndProject
Project("{9A19103F-16F7-4668-BE54-9A1E7A4F7556}") = "WebApiFromTemplate", "WebApiFromTemplate\WebApiFromTemplate.csproj", "{516B9720-0649-4185-84FC-8E168B2CADC6}"
EndProject
Global
	GlobalSection(SolutionConfigurationPlatforms) = preSolution
		Debug|Any CPU = Debug|Any CPU
		Release|Any CPU = Release|Any CPU
	EndGlobalSection
	GlobalSection(ProjectConfigurationPlatforms) = postSolution
		{CFA48339-B937-41AF-B630-614A9DC73E76}.Debug|Any CPU.ActiveCfg = Debug|Any CPU
		{CFA48339-B937-41AF-B630-614A9DC73E76}.Debug|Any CPU.Build.0 = Debug|Any CPU
		{CFA48339-B937-41AF-B630-614A9DC73E76}.Release|Any CPU.ActiveCfg = Release|Any CPU
		{CFA48339-B937-41AF-B630-614A9DC73E76}.Release|Any CPU.Build.0 = Release|Any CPU
		{516B9720-0649-4185-84FC-8E168B2CADC6}.Debug|Any CPU.ActiveCfg = Debug|Any CPU
		{516B9720-0649-4185-84FC-8E168B2CADC6}.Debug|Any CPU.Build.0 = Debug|Any CPU
		{516B9720-0649-4185-84FC-8E168B2CADC6}.Release|Any CPU.ActiveCfg = Release|Any CPU
		{516B9720-0649-4185-84FC-8E168B2CADC6}.Release|Any CPU.Build.0 = Release|Any CPU
	EndGlobalSection
	GlobalSection(SolutionProperties) = preSolution
		HideSolutionNode = FALSE
	EndGlobalSection
	GlobalSection(ExtensibilityGlobals) = postSolution
		SolutionGuid = {37B95703-13F1-4A80-A017-6BC1396F8D71}
	EndGlobalSection
EndGlobal
